{
	"name": "codewind-ls-node-prof",
	"version": "0.9.0",
	"lockfileVersion": 1,
	"requires": true,
	"dependencies": {
		"@types/mocha": {
			"version": "5.2.7",
			"resolved": "https://registry.npmjs.org/@types/mocha/-/mocha-5.2.7.tgz",
			"integrity": "sha512-NYrtPht0wGzhwe9+/idPaBB+TqkY9AhTvOLMkThm0IoEfLaiVQZwBwyJ5puCkO3AUCWrmcoePjp2mbFocKy4SQ==",
			"dev": true
		},
		"@types/node": {
			"version": "10.17.16",
			"resolved": "https://registry.npmjs.org/@types/node/-/node-10.17.16.tgz",
			"integrity": "sha512-A4283YSA1OmnIivcpy/4nN86YlnKRiQp8PYwI2KdPCONEBN093QTb0gCtERtkLyVNGKKIGazTZ2nAmVzQU51zA==",
			"dev": true
		},
		"typescript": {
			"version": "3.8.2",
			"resolved": "https://registry.npmjs.org/typescript/-/typescript-3.8.2.tgz",
			"integrity": "sha512-EgOVgL/4xfVrCMbhYKUQTdF37SQn4Iw73H5BgCrF1Abdun7Kwy/QZsE/ssAy0y4LxBbvua3PIbFsbRczWWnDdQ==",
			"dev": true
		}
	}
}
